
Microsoft Visual Studio Solution File, Format Version 12.00
# Visual Studio Version 17
VisualStudioVersion = 17.8.34330.188
MinimumVisualStudioVersion = 10.0.40219.1
Project("{FAE04EC0-301F-11D3-BF4B-00C04F79EFBC}") = "RPG Battler (Basic)", "RPG Battler (Basic)\RPG Battler (Basic).csproj", "{1772C3D4-71E4-49ED-9F7D-9944A37C809A}"
EndProject
Global
	GlobalSection(SolutionConfigurationPlatforms) = preSolution
		Debug|Any CPU = Debug|Any CPU
		Release|Any CPU = Release|Any CPU
	EndGlobalSection
	GlobalSection(ProjectConfigurationPlatforms) = postSolution
		{1772C3D4-71E4-49ED-9F7D-9944A37C809A}.Debug|Any CPU.ActiveCfg = Debug|Any CPU
		{1772C3D4-71E4-49ED-9F7D-9944A37C809A}.Debug|Any CPU.Build.0 = Debug|Any CPU
		{1772C3D4-71E4-49ED-9F7D-9944A37C809A}.Release|Any CPU.ActiveCfg = Release|Any CPU
		{1772C3D4-71E4-49ED-9F7D-9944A37C809A}.Release|Any CPU.Build.0 = Release|Any CPU
	EndGlobalSection
	GlobalSection(SolutionProperties) = preSolution
		HideSolutionNode = FALSE
	EndGlobalSection
	GlobalSection(ExtensibilityGlobals) = postSolution
		SolutionGuid = {52DD52D0-A977-4D8B-9674-06058C104EA4}
	EndGlobalSection
EndGlobal
